// !$*UTF8*$!
{
	archiveVersion = 1;
	classes = {
	};
	objectVersion = 50;
	objects = {

/* Begin PBXBuildFile section */
		8FBCA88D2442737D002169D0 /* MultilineTextFieldSwiftUI.framework in Frameworks */ = {isa = PBXBuildFile; fileRef = 8FBCA8832442737D002169D0 /* MultilineTextFieldSwiftUI.framework */; };
		8FBCA8922442737D002169D0 /* MultilineTextFieldSwiftUITests.swift in Sources */ = {isa = PBXBuildFile; fileRef = 8FBCA8912442737D002169D0 /* MultilineTextFieldSwiftUITests.swift */; };
		8FBCA8942442737D002169D0 /* MultilineTextFieldSwiftUI.h in Headers */ = {isa = PBXBuildFile; fileRef = 8FBCA8862442737D002169D0 /* MultilineTextFieldSwiftUI.h */; settings = {ATTRIBUTES = (Public, ); }; };
		8FBCA8A42442738B002169D0 /* AppDelegate.swift in Sources */ = {isa = PBXBuildFile; fileRef = 8FBCA8A32442738B002169D0 /* AppDelegate.swift */; };
		8FBCA8A62442738B002169D0 /* SceneDelegate.swift in Sources */ = {isa = PBXBuildFile; fileRef = 8FBCA8A52442738B002169D0 /* SceneDelegate.swift */; };
		8FBCA8A82442738B002169D0 /* ContentView.swift in Sources */ = {isa = PBXBuildFile; fileRef = 8FBCA8A72442738B002169D0 /* ContentView.swift */; };
		8FBCA8AA2442738B002169D0 /* Assets.xcassets in Resources */ = {isa = PBXBuildFile; fileRef = 8FBCA8A92442738B002169D0 /* Assets.xcassets */; };
		8FBCA8AD2442738B002169D0 /* Preview Assets.xcassets in Resources */ = {isa = PBXBuildFile; fileRef = 8FBCA8AC2442738B002169D0 /* Preview Assets.xcassets */; };
		8FBCA8B02442738B002169D0 /* LaunchScreen.storyboard in Resources */ = {isa = PBXBuildFile; fileRef = 8FBCA8AE2442738B002169D0 /* LaunchScreen.storyboard */; };
/* End PBXBuildFile section */

/* Begin PBXContainerItemProxy section */
		8FBCA88E2442737D002169D0 /* PBXContainerItemProxy */ = {
			isa = PBXContainerItemProxy;
			containerPortal = 8FBCA87A2442737D002169D0 /* Project object */;
			proxyType = 1;
			remoteGlobalIDString = 8FBCA8822442737D002169D0;
			remoteInfo = MultilineTextFieldSwiftUI;
		};
/* End PBXContainerItemProxy section */

/* Begin PBXFileReference section */
		8FBCA8832442737D002169D0 /* MultilineTextFieldSwiftUI.framework */ = {isa = PBXFileReference; explicitFileType = wrapper.framework; includeInIndex = 0; path = MultilineTextFieldSwiftUI.framework; sourceTree = BUILT_PRODUCTS_DIR; };
		8FBCA8862442737D002169D0 /* MultilineTextFieldSwiftUI.h */ = {isa = PBXFileReference; lastKnownFileType = sourcecode.c.h; path = MultilineTextFieldSwiftUI.h; sourceTree = "<group>"; };
		8FBCA8872442737D002169D0 /* Info.plist */ = {isa = PBXFileReference; lastKnownFileType = text.plist.xml; path = Info.plist; sourceTree = "<group>"; };
		8FBCA88C2442737D002169D0 /* MultilineTextFieldSwiftUITests.xctest */ = {isa = PBXFileReference; explicitFileType = wrapper.cfbundle; includeInIndex = 0; path = MultilineTextFieldSwiftUITests.xctest; sourceTree = BUILT_PRODUCTS_DIR; };
		8FBCA8912442737D002169D0 /* MultilineTextFieldSwiftUITests.swift */ = {isa = PBXFileReference; lastKnownFileType = sourcecode.swift; path = MultilineTextFieldSwiftUITests.swift; sourceTree = "<group>"; };
		8FBCA8932442737D002169D0 /* Info.plist */ = {isa = PBXFileReference; lastKnownFileType = text.plist.xml; path = Info.plist; sourceTree = "<group>"; };
		8FBCA8A12442738B002169D0 /* MultilineTextFieldSwiftUIExamples.app */ = {isa = PBXFileReference; explicitFileType = wrapper.application; includeInIndex = 0; path = MultilineTextFieldSwiftUIExamples.app; sourceTree = BUILT_PRODUCTS_DIR; };
		8FBCA8A32442738B002169D0 /* AppDelegate.swift */ = {isa = PBXFileReference; lastKnownFileType = sourcecode.swift; path = AppDelegate.swift; sourceTree = "<group>"; };
		8FBCA8A52442738B002169D0 /* SceneDelegate.swift */ = {isa = PBXFileReference; lastKnownFileType = sourcecode.swift; path = SceneDelegate.swift; sourceTree = "<group>"; };
		8FBCA8A72442738B002169D0 /* ContentView.swift */ = {isa = PBXFileReference; lastKnownFileType = sourcecode.swift; path = ContentView.swift; sourceTree = "<group>"; };
		8FBCA8A92442738B002169D0 /* Assets.xcassets */ = {isa = PBXFileReference; lastKnownFileType = folder.assetcatalog; path = Assets.xcassets; sourceTree = "<group>"; };
		8FBCA8AC2442738B002169D0 /* Preview Assets.xcassets */ = {isa = PBXFileReference; lastKnownFileType = folder.assetcatalog; path = "Preview Assets.xcassets"; sourceTree = "<group>"; };
		8FBCA8AF2442738B002169D0 /* Base */ = {isa = PBXFileReference; lastKnownFileType = file.storyboard; name = Base; path = Base.lproj/LaunchScreen.storyboard; sourceTree = "<group>"; };
		8FBCA8B12442738B002169D0 /* Info.plist */ = {isa = PBXFileReference; lastKnownFileType = text.plist.xml; path = Info.plist; sourceTree = "<group>"; };
/* End PBXFileReference section */

/* Begin PBXFrameworksBuildPhase section */
		8FBCA8802442737D002169D0 /* Frameworks */ = {
			isa = PBXFrameworksBuildPhase;
			buildActionMask = 2147483647;
			files = (
			);
			runOnlyForDeploymentPostprocessing = 0;
		};
		8FBCA8892442737D002169D0 /* Frameworks */ = {
			isa = PBXFrameworksBuildPhase;
			buildActionMask = 2147483647;
			files = (
				8FBCA88D2442737D002169D0 /* MultilineTextFieldSwiftUI.framework in Frameworks */,
			);
			runOnlyForDeploymentPostprocessing = 0;
		};
		8FBCA89E2442738B002169D0 /* Frameworks */ = {
			isa = PBXFrameworksBuildPhase;
			buildActionMask = 2147483647;
			files = (
			);
			runOnlyForDeploymentPostprocessing = 0;
		};
/* End PBXFrameworksBuildPhase section */

/* Begin PBXGroup section */
		8FBCA8792442737D002169D0 = {
			isa = PBXGroup;
			children = (
				8FBCA8852442737D002169D0 /* MultilineTextFieldSwiftUI */,
				8FBCA8902442737D002169D0 /* MultilineTextFieldSwiftUITests */,
				8FBCA8A22442738B002169D0 /* MultilineTextFieldSwiftUIExamples */,
				8FBCA8842442737D002169D0 /* Products */,
			);
			sourceTree = "<group>";
		};
		8FBCA8842442737D002169D0 /* Products */ = {
			isa = PBXGroup;
			children = (
				8FBCA8832442737D002169D0 /* MultilineTextFieldSwiftUI.framework */,
				8FBCA88C2442737D002169D0 /* MultilineTextFieldSwiftUITests.xctest */,
				8FBCA8A12442738B002169D0 /* MultilineTextFieldSwiftUIExamples.app */,
			);
			name = Products;
			sourceTree = "<group>";
		};
		8FBCA8852442737D002169D0 /* MultilineTextFieldSwiftUI */ = {
			isa = PBXGroup;
			children = (
				8FBCA8862442737D002169D0 /* MultilineTextFieldSwiftUI.h */,
				8FBCA8872442737D002169D0 /* Info.plist */,
			);
			path = MultilineTextFieldSwiftUI;
			sourceTree = "<group>";
		};
		8FBCA8902442737D002169D0 /* MultilineTextFieldSwiftUITests */ = {
			isa = PBXGroup;
			children = (
				8FBCA8912442737D002169D0 /* MultilineTextFieldSwiftUITests.swift */,
				8FBCA8932442737D002169D0 /* Info.plist */,
			);
			path = MultilineTextFieldSwiftUITests;
			sourceTree = "<group>";
		};
		8FBCA8A22442738B002169D0 /* MultilineTextFieldSwiftUIExamples */ = {
			isa = PBXGroup;
			children = (
				8FBCA8A32442738B002169D0 /* AppDelegate.swift */,
				8FBCA8A52442738B002169D0 /* SceneDelegate.swift */,
				8FBCA8A72442738B002169D0 /* ContentView.swift */,
				8FBCA8A92442738B002169D0 /* Assets.xcassets */,
				8FBCA8AE2442738B002169D0 /* LaunchScreen.storyboard */,
				8FBCA8B12442738B002169D0 /* Info.plist */,
				8FBCA8AB2442738B002169D0 /* Preview Content */,
			);
			path = MultilineTextFieldSwiftUIExamples;
			sourceTree = "<group>";
		};
		8FBCA8AB2442738B002169D0 /* Preview Content */ = {
			isa = PBXGroup;
			children = (
				8FBCA8AC2442738B002169D0 /* Preview Assets.xcassets */,
			);
			path = "Preview Content";
			sourceTree = "<group>";
		};
/* End PBXGroup section */

/* Begin PBXHeadersBuildPhase section */
		8FBCA87E2442737D002169D0 /* Headers */ = {
			isa = PBXHeadersBuildPhase;
			buildActionMask = 2147483647;
			files = (
				8FBCA8942442737D002169D0 /* MultilineTextFieldSwiftUI.h in Headers */,
			);
			runOnlyForDeploymentPostprocessing = 0;
		};
/* End PBXHeadersBuildPhase section */

/* Begin PBXNativeTarget section */
		8FBCA8822442737D002169D0 /* MultilineTextFieldSwiftUI */ = {
			isa = PBXNativeTarget;
			buildConfigurationList = 8FBCA8972442737D002169D0 /* Build configuration list for PBXNativeTarget "MultilineTextFieldSwiftUI" */;
			buildPhases = (
				8FBCA87E2442737D002169D0 /* Headers */,
				8FBCA87F2442737D002169D0 /* Sources */,
				8FBCA8802442737D002169D0 /* Frameworks */,
				8FBCA8812442737D002169D0 /* Resources */,
			);
			buildRules = (
			);
			dependencies = (
			);
			name = MultilineTextFieldSwiftUI;
			productName = MultilineTextFieldSwiftUI;
			productReference = 8FBCA8832442737D002169D0 /* MultilineTextFieldSwiftUI.framework */;
			productType = "com.apple.product-type.framework";
		};
		8FBCA88B2442737D002169D0 /* MultilineTextFieldSwiftUITests */ = {
			isa = PBXNativeTarget;
			buildConfigurationList = 8FBCA89A2442737D002169D0 /* Build configuration list for PBXNativeTarget "MultilineTextFieldSwiftUITests" */;
			buildPhases = (
				8FBCA8882442737D002169D0 /* Sources */,
				8FBCA8892442737D002169D0 /* Frameworks */,
				8FBCA88A2442737D002169D0 /* Resources */,
			);
			buildRules = (
			);
			dependencies = (
				8FBCA88F2442737D002169D0 /* PBXTargetDependency */,
			);
			name = MultilineTextFieldSwiftUITests;
			productName = MultilineTextFieldSwiftUITests;
			productReference = 8FBCA88C2442737D002169D0 /* MultilineTextFieldSwiftUITests.xctest */;
			productType = "com.apple.product-type.bundle.unit-test";
		};
		8FBCA8A02442738B002169D0 /* MultilineTextFieldSwiftUIExamples */ = {
			isa = PBXNativeTarget;
			buildConfigurationList = 8FBCA8B22442738B002169D0 /* Build configuration list for PBXNativeTarget "MultilineTextFieldSwiftUIExamples" */;
			buildPhases = (
				8FBCA89D2442738B002169D0 /* Sources */,
				8FBCA89E2442738B002169D0 /* Frameworks */,
				8FBCA89F2442738B002169D0 /* Resources */,
			);
			buildRules = (
			);
			dependencies = (
			);
			name = MultilineTextFieldSwiftUIExamples;
			productName = MultilineTextFieldSwiftUIExamples;
			productReference = 8FBCA8A12442738B002169D0 /* MultilineTextFieldSwiftUIExamples.app */;
			productType = "com.apple.product-type.application";
		};
/* End PBXNativeTarget section */

/* Begin PBXProject section */
		8FBCA87A2442737D002169D0 /* Project object */ = {
			isa = PBXProject;
			attributes = {
				LastSwiftUpdateCheck = 1140;
				LastUpgradeCheck = 1140;
				ORGANIZATIONNAME = "Johannes Hagemann";
				TargetAttributes = {
					8FBCA8822442737D002169D0 = {
						CreatedOnToolsVersion = 11.4;
					};
					8FBCA88B2442737D002169D0 = {
						CreatedOnToolsVersion = 11.4;
					};
					8FBCA8A02442738B002169D0 = {
						CreatedOnToolsVersion = 11.4;
					};
				};
			};
			buildConfigurationList = 8FBCA87D2442737D002169D0 /* Build configuration list for PBXProject "MultilineTextFieldSwiftUI" */;
			compatibilityVersion = "Xcode 9.3";
			developmentRegion = en;
			hasScannedForEncodings = 0;
			knownRegions = (
				en,
				Base,
			);
			mainGroup = 8FBCA8792442737D002169D0;
			productRefGroup = 8FBCA8842442737D002169D0 /* Products */;
			projectDirPath = "";
			projectRoot = "";
			targets = (
				8FBCA8822442737D002169D0 /* MultilineTextFieldSwiftUI */,
				8FBCA88B2442737D002169D0 /* MultilineTextFieldSwiftUITests */,
				8FBCA8A02442738B002169D0 /* MultilineTextFieldSwiftUIExamples */,
			);
		};
/* End PBXProject section */

/* Begin PBXResourcesBuildPhase section */
		8FBCA8812442737D002169D0 /* Resources */ = {
			isa = PBXResourcesBuildPhase;
			buildActionMask = 2147483647;
			files = (
			);
			runOnlyForDeploymentPostprocessing = 0;
		};
		8FBCA88A2442737D002169D0 /* Resources */ = {
			isa = PBXResourcesBuildPhase;
			buildActionMask = 2147483647;
			files = (
			);
			runOnlyForDeploymentPostprocessing = 0;
		};
		8FBCA89F2442738B002169D0 /* Resources */ = {
			isa = PBXResourcesBuildPhase;
			buildActionMask = 2147483647;
			files = (
				8FBCA8B02442738B002169D0 /* LaunchScreen.storyboard in Resources */,
				8FBCA8AD2442738B002169D0 /* Preview Assets.xcassets in Resources */,
				8FBCA8AA2442738B002169D0 /* Assets.xcassets in Resources */,
			);
			runOnlyForDeploymentPostprocessing = 0;
		};
/* End PBXResourcesBuildPhase section */

/* Begin PBXSourcesBuildPhase section */
		8FBCA87F2442737D002169D0 /* Sources */ = {
			isa = PBXSourcesBuildPhase;
			buildActionMask = 2147483647;
			files = (
			);
			runOnlyForDeploymentPostprocessing = 0;
		};
		8FBCA8882442737D002169D0 /* Sources */ = {
			isa = PBXSourcesBuildPhase;
			buildActionMask = 2147483647;
			files = (
				8FBCA8922442737D002169D0 /* MultilineTextFieldSwiftUITests.swift in Sources */,
			);
			runOnlyForDeploymentPostprocessing = 0;
		};
		8FBCA89D2442738B002169D0 /* Sources */ = {
			isa = PBXSourcesBuildPhase;
			buildActionMask = 2147483647;
			files = (
				8FBCA8A42442738B002169D0 /* AppDelegate.swift in Sources */,
				8FBCA8A62442738B002169D0 /* SceneDelegate.swift in Sources */,
				8FBCA8A82442738B002169D0 /* ContentView.swift in Sources */,
			);
			runOnlyForDeploymentPostprocessing = 0;
		};
/* End PBXSourcesBuildPhase section */

/* Begin PBXTargetDependency section */
		8FBCA88F2442737D002169D0 /* PBXTargetDependency */ = {
			isa = PBXTargetDependency;
			target = 8FBCA8822442737D002169D0 /* MultilineTextFieldSwiftUI */;
			targetProxy = 8FBCA88E2442737D002169D0 /* PBXContainerItemProxy */;
		};
/* End PBXTargetDependency section */

/* Begin PBXVariantGroup section */
		8FBCA8AE2442738B002169D0 /* LaunchScreen.storyboard */ = {
			isa = PBXVariantGroup;
			children = (
				8FBCA8AF2442738B002169D0 /* Base */,
			);
			name = LaunchScreen.storyboard;
			sourceTree = "<group>";
		};
/* End PBXVariantGroup section */

/* Begin XCBuildConfiguration section */
		8FBCA8952442737D002169D0 /* Debug */ = {
			isa = XCBuildConfiguration;
			buildSettings = {
				ALWAYS_SEARCH_USER_PATHS = NO;
				CLANG_ANALYZER_NONNULL = YES;
				CLANG_ANALYZER_NUMBER_OBJECT_CONVERSION = YES_AGGRESSIVE;
				CLANG_CXX_LANGUAGE_STANDARD = "gnu++14";
				CLANG_CXX_LIBRARY = "libc++";
				CLANG_ENABLE_MODULES = YES;
				CLANG_ENABLE_OBJC_ARC = YES;
				CLANG_ENABLE_OBJC_WEAK = YES;
				CLANG_WARN_BLOCK_CAPTURE_AUTORELEASING = YES;
				CLANG_WARN_BOOL_CONVERSION = YES;
				CLANG_WARN_COMMA = YES;
				CLANG_WARN_CONSTANT_CONVERSION = YES;
				CLANG_WARN_DEPRECATED_OBJC_IMPLEMENTATIONS = YES;
				CLANG_WARN_DIRECT_OBJC_ISA_USAGE = YES_ERROR;
				CLANG_WARN_DOCUMENTATION_COMMENTS = YES;
				CLANG_WARN_EMPTY_BODY = YES;
				CLANG_WARN_ENUM_CONVERSION = YES;
				CLANG_WARN_INFINITE_RECURSION = YES;
				CLANG_WARN_INT_CONVERSION = YES;
				CLANG_WARN_NON_LITERAL_NULL_CONVERSION = YES;
				CLANG_WARN_OBJC_IMPLICIT_RETAIN_SELF = YES;
				CLANG_WARN_OBJC_LITERAL_CONVERSION = YES;
				CLANG_WARN_OBJC_ROOT_CLASS = YES_ERROR;
				CLANG_WARN_RANGE_LOOP_ANALYSIS = YES;
				CLANG_WARN_STRICT_PROTOTYPES = YES;
				CLANG_WARN_SUSPICIOUS_MOVE = YES;
				CLANG_WARN_UNGUARDED_AVAILABILITY = YES_AGGRESSIVE;
				CLANG_WARN_UNREACHABLE_CODE = YES;
				CLANG_WARN__DUPLICATE_METHOD_MATCH = YES;
				COPY_PHASE_STRIP = NO;
				CURRENT_PROJECT_VERSION = 1;
				DEBUG_INFORMATION_FORMAT = dwarf;
				ENABLE_STRICT_OBJC_MSGSEND = YES;
				ENABLE_TESTABILITY = YES;
				GCC_C_LANGUAGE_STANDARD = gnu11;
				GCC_DYNAMIC_NO_PIC = NO;
				GCC_NO_COMMON_BLOCKS = YES;
				GCC_OPTIMIZATION_LEVEL = 0;
				GCC_PREPROCESSOR_DEFINITIONS = (
					"DEBUG=1",
					"$(inherited)",
				);
				GCC_WARN_64_TO_32_BIT_CONVERSION = YES;
				GCC_WARN_ABOUT_RETURN_TYPE = YES_ERROR;
				GCC_WARN_UNDECLARED_SELECTOR = YES;
				GCC_WARN_UNINITIALIZED_AUTOS = YES_AGGRESSIVE;
				GCC_WARN_UNUSED_FUNCTION = YES;
				GCC_WARN_UNUSED_VARIABLE = YES;
				IPHONEOS_DEPLOYMENT_TARGET = 13.4;
				MTL_ENABLE_DEBUG_INFO = INCLUDE_SOURCE;
				MTL_FAST_MATH = YES;
				ONLY_ACTIVE_ARCH = YES;
				SDKROOT = iphoneos;
				SWIFT_ACTIVE_COMPILATION_CONDITIONS = DEBUG;
				SWIFT_OPTIMIZATION_LEVEL = "-Onone";
				VERSIONING_SYSTEM = "apple-generic";
				VERSION_INFO_PREFIX = "";
			};
			name = Debug;
		};
		8FBCA8962442737D002169D0 /* Release */ = {
			isa = XCBuildConfiguration;
			buildSettings = {
				ALWAYS_SEARCH_USER_PATHS = NO;
				CLANG_ANALYZER_NONNULL = YES;
				CLANG_ANALYZER_NUMBER_OBJECT_CONVERSION = YES_AGGRESSIVE;
				CLANG_CXX_LANGUAGE_STANDARD = "gnu++14";
				CLANG_CXX_LIBRARY = "libc++";
				CLANG_ENABLE_MODULES = YES;
				CLANG_ENABLE_OBJC_ARC = YES;
				CLANG_ENABLE_OBJC_WEAK = YES;
				CLANG_WARN_BLOCK_CAPTURE_AUTORELEASING = YES;
				CLANG_WARN_BOOL_CONVERSION = YES;
				CLANG_WARN_COMMA = YES;
				CLANG_WARN_CONSTANT_CONVERSION = YES;
				CLANG_WARN_DEPRECATED_OBJC_IMPLEMENTATIONS = YES;
				CLANG_WARN_DIRECT_OBJC_ISA_USAGE = YES_ERROR;
				CLANG_WARN_DOCUMENTATION_COMMENTS = YES;
				CLANG_WARN_EMPTY_BODY = YES;
				CLANG_WARN_ENUM_CONVERSION = YES;
				CLANG_WARN_INFINITE_RECURSION = YES;
				CLANG_WARN_INT_CONVERSION = YES;
				CLANG_WARN_NON_LITERAL_NULL_CONVERSION = YES;
				CLANG_WARN_OBJC_IMPLICIT_RETAIN_SELF = YES;
				CLANG_WARN_OBJC_LITERAL_CONVERSION = YES;
				CLANG_WARN_OBJC_ROOT_CLASS = YES_ERROR;
				CLANG_WARN_RANGE_LOOP_ANALYSIS = YES;
				CLANG_WARN_STRICT_PROTOTYPES = YES;
				CLANG_WARN_SUSPICIOUS_MOVE = YES;
				CLANG_WARN_UNGUARDED_AVAILABILITY = YES_AGGRESSIVE;
				CLANG_WARN_UNREACHABLE_CODE = YES;
				CLANG_WARN__DUPLICATE_METHOD_MATCH = YES;
				COPY_PHASE_STRIP = NO;
				CURRENT_PROJECT_VERSION = 1;
				DEBUG_INFORMATION_FORMAT = "dwarf-with-dsym";
				ENABLE_NS_ASSERTIONS = NO;
				ENABLE_STRICT_OBJC_MSGSEND = YES;
				GCC_C_LANGUAGE_STANDARD = gnu11;
				GCC_NO_COMMON_BLOCKS = YES;
				GCC_WARN_64_TO_32_BIT_CONVERSION = YES;
				GCC_WARN_ABOUT_RETURN_TYPE = YES_ERROR;
				GCC_WARN_UNDECLARED_SELECTOR = YES;
				GCC_WARN_UNINITIALIZED_AUTOS = YES_AGGRESSIVE;
				GCC_WARN_UNUSED_FUNCTION = YES;
				GCC_WARN_UNUSED_VARIABLE = YES;
				IPHONEOS_DEPLOYMENT_TARGET = 13.4;
				MTL_ENABLE_DEBUG_INFO = NO;
				MTL_FAST_MATH = YES;
				SDKROOT = iphoneos;
				SWIFT_COMPILATION_MODE = wholemodule;
				SWIFT_OPTIMIZATION_LEVEL = "-O";
				VALIDATE_PRODUCT = YES;
				VERSIONING_SYSTEM = "apple-generic";
				VERSION_INFO_PREFIX = "";
			};
			name = Release;
		};
		8FBCA8982442737D002169D0 /* Debug */ = {
			isa = XCBuildConfiguration;
			buildSettings = {
				CODE_SIGN_STYLE = Automatic;
				DEFINES_MODULE = YES;
				DEVELOPMENT_TEAM = AXQZFYS638;
				DYLIB_COMPATIBILITY_VERSION = 1;
				DYLIB_CURRENT_VERSION = 1;
				DYLIB_INSTALL_NAME_BASE = "@rpath";
				INFOPLIST_FILE = MultilineTextFieldSwiftUI/Info.plist;
				INSTALL_PATH = "$(LOCAL_LIBRARY_DIR)/Frameworks";
				LD_RUNPATH_SEARCH_PATHS = (
					"$(inherited)",
					"@executable_path/Frameworks",
					"@loader_path/Frameworks",
				);
				PRODUCT_BUNDLE_IDENTIFIER = com.firstblink.MultilineTextFieldSwiftUI;
				PRODUCT_NAME = "$(TARGET_NAME:c99extidentifier)";
				SKIP_INSTALL = YES;
				SWIFT_VERSION = 5.0;
				TARGETED_DEVICE_FAMILY = "1,2";
			};
			name = Debug;
		};
		8FBCA8992442737D002169D0 /* Release */ = {
			isa = XCBuildConfiguration;
			buildSettings = {
				CODE_SIGN_STYLE = Automatic;
				DEFINES_MODULE = YES;
				DEVELOPMENT_TEAM = AXQZFYS638;
				DYLIB_COMPATIBILITY_VERSION = 1;
				DYLIB_CURRENT_VERSION = 1;
				DYLIB_INSTALL_NAME_BASE = "@rpath";
				INFOPLIST_FILE = MultilineTextFieldSwiftUI/Info.plist;
				INSTALL_PATH = "$(LOCAL_LIBRARY_DIR)/Frameworks";
				LD_RUNPATH_SEARCH_PATHS = (
					"$(inherited)",
					"@executable_path/Frameworks",
					"@loader_path/Frameworks",
				);
				PRODUCT_BUNDLE_IDENTIFIER = com.firstblink.MultilineTextFieldSwiftUI;
				PRODUCT_NAME = "$(TARGET_NAME:c99extidentifier)";
				SKIP_INSTALL = YES;
				SWIFT_VERSION = 5.0;
				TARGETED_DEVICE_FAMILY = "1,2";
			};
			name = Release;
		};
		8FBCA89B2442737D002169D0 /* Debug */ = {
			isa = XCBuildConfiguration;
			buildSettings = {
				CODE_SIGN_STYLE = Automatic;
				DEVELOPMENT_TEAM = AXQZFYS638;
				INFOPLIST_FILE = MultilineTextFieldSwiftUITests/Info.plist;
				LD_RUNPATH_SEARCH_PATHS = (
					"$(inherited)",
					"@executable_path/Frameworks",
					"@loader_path/Frameworks",
				);
				PRODUCT_BUNDLE_IDENTIFIER = com.firstblink.MultilineTextFieldSwiftUITests;
				PRODUCT_NAME = "$(TARGET_NAME)";
				SWIFT_VERSION = 5.0;
				TARGETED_DEVICE_FAMILY = "1,2";
			};
			name = Debug;
		};
		8FBCA89C2442737D002169D0 /* Release */ = {
			isa = XCBuildConfiguration;
			buildSettings = {
				CODE_SIGN_STYLE = Automatic;
				DEVELOPMENT_TEAM = AXQZFYS638;
				INFOPLIST_FILE = MultilineTextFieldSwiftUITests/Info.plist;
				LD_RUNPATH_SEARCH_PATHS = (
					"$(inherited)",
					"@executable_path/Frameworks",
					"@loader_path/Frameworks",
				);
				PRODUCT_BUNDLE_IDENTIFIER = com.firstblink.MultilineTextFieldSwiftUITests;
				PRODUCT_NAME = "$(TARGET_NAME)";
				SWIFT_VERSION = 5.0;
				TARGETED_DEVICE_FAMILY = "1,2";
			};
			name = Release;
		};
		8FBCA8B32442738B002169D0 /* Debug */ = {
			isa = XCBuildConfiguration;
			buildSettings = {
				ASSETCATALOG_COMPILER_APPICON_NAME = AppIcon;
				CODE_SIGN_STYLE = Automatic;
				DEVELOPMENT_ASSET_PATHS = "\"MultilineTextFieldSwiftUIExamples/Preview Content\"";
				DEVELOPMENT_TEAM = AXQZFYS638;
				ENABLE_PREVIEWS = YES;
				INFOPLIST_FILE = MultilineTextFieldSwiftUIExamples/Info.plist;
				LD_RUNPATH_SEARCH_PATHS = (
					"$(inherited)",
					"@executable_path/Frameworks",
				);
				PRODUCT_BUNDLE_IDENTIFIER = com.firstblink.MultilineTextFieldSwiftUIExamples;
				PRODUCT_NAME = "$(TARGET_NAME)";
				SWIFT_VERSION = 5.0;
				TARGETED_DEVICE_FAMILY = "1,2";
			};
			name = Debug;
		};
		8FBCA8B42442738B002169D0 /* Release */ = {
			isa = XCBuildConfiguration;
			buildSettings = {
				ASSETCATALOG_COMPILER_APPICON_NAME = AppIcon;
				CODE_SIGN_STYLE = Automatic;
				DEVELOPMENT_ASSET_PATHS = "\"MultilineTextFieldSwiftUIExamples/Preview Content\"";
				DEVELOPMENT_TEAM = AXQZFYS638;
				ENABLE_PREVIEWS = YES;
				INFOPLIST_FILE = MultilineTextFieldSwiftUIExamples/Info.plist;
				LD_RUNPATH_SEARCH_PATHS = (
					"$(inherited)",
					"@executable_path/Frameworks",
				);
				PRODUCT_BUNDLE_IDENTIFIER = com.firstblink.MultilineTextFieldSwiftUIExamples;
				PRODUCT_NAME = "$(TARGET_NAME)";
				SWIFT_VERSION = 5.0;
				TARGETED_DEVICE_FAMILY = "1,2";
			};
			name = Release;
		};
/* End XCBuildConfiguration section */

/* Begin XCConfigurationList section */
		8FBCA87D2442737D002169D0 /* Build configuration list for PBXProject "MultilineTextFieldSwiftUI" */ = {
			isa = XCConfigurationList;
			buildConfigurations = (
				8FBCA8952442737D002169D0 /* Debug */,
				8FBCA8962442737D002169D0 /* Release */,
			);
			defaultConfigurationIsVisible = 0;
			defaultConfigurationName = Release;
		};
		8FBCA8972442737D002169D0 /* Build configuration list for PBXNativeTarget "MultilineTextFieldSwiftUI" */ = {
			isa = XCConfigurationList;
			buildConfigurations = (
				8FBCA8982442737D002169D0 /* Debug */,
				8FBCA8992442737D002169D0 /* Release */,
			);
			defaultConfigurationIsVisible = 0;
			defaultConfigurationName = Release;
		};
		8FBCA89A2442737D002169D0 /* Build configuration list for PBXNativeTarget "MultilineTextFieldSwiftUITests" */ = {
			isa = XCConfigurationList;
			buildConfigurations = (
				8FBCA89B2442737D002169D0 /* Debug */,
				8FBCA89C2442737D002169D0 /* Release */,
			);
			defaultConfigurationIsVisible = 0;
			defaultConfigurationName = Release;
		};
		8FBCA8B22442738B002169D0 /* Build configuration list for PBXNativeTarget "MultilineTextFieldSwiftUIExamples" */ = {
			isa = XCConfigurationList;
			buildConfigurations = (
				8FBCA8B32442738B002169D0 /* Debug */,
				8FBCA8B42442738B002169D0 /* Release */,
			);
			defaultConfigurationIsVisible = 0;
			defaultConfigurationName = Release;
		};
/* End XCConfigurationList section */
	};
	rootObject = 8FBCA87A2442737D002169D0 /* Project object */;
}
